
Microsoft Visual Studio Solution File, Format Version 12.00
# Visual Studio Version 16
VisualStudioVersion = 16.0.30611.23
MinimumVisualStudioVersion = 10.0.40219.1
Project("{FAE04EC0-301F-11D3-BF4B-00C04F79EFBC}") = "WinAppDistancia", "WinAppDistancia\WinAppDistancia.csproj", "{93F7B8A6-F222-4725-8FAA-2F5E533F8BC9}"
EndProject
Global
	GlobalSection(SolutionConfigurationPlatforms) = preSolution
		Debug|Any CPU = Debug|Any CPU
		Release|Any CPU = Release|Any CPU
	EndGlobalSection
	GlobalSection(ProjectConfigurationPlatforms) = postSolution
		{93F7B8A6-F222-4725-8FAA-2F5E533F8BC9}.Debug|Any CPU.ActiveCfg = Debug|Any CPU
		{93F7B8A6-F222-4725-8FAA-2F5E533F8BC9}.Debug|Any CPU.Build.0 = Debug|Any CPU
		{93F7B8A6-F222-4725-8FAA-2F5E533F8BC9}.Release|Any CPU.ActiveCfg = Release|Any CPU
		{93F7B8A6-F222-4725-8FAA-2F5E533F8BC9}.Release|Any CPU.Build.0 = Release|Any CPU
	EndGlobalSection
	GlobalSection(SolutionProperties) = preSolution
		HideSolutionNode = FALSE
	EndGlobalSection
	GlobalSection(ExtensibilityGlobals) = postSolution
		SolutionGuid = {0DE986C1-2778-400D-8170-4CFB89164F70}
	EndGlobalSection
EndGlobal
